
Microsoft Visual Studio Solution File, Format Version 12.00
# Visual Studio Version 17
VisualStudioVersion = 17.5.33530.505
MinimumVisualStudioVersion = 10.0.40219.1
Project("{9A19103F-16F7-4668-BE54-9A1E7A4F7556}") = "MyMoney.Demo", "MyMoney.Demo\MyMoney.Demo.csproj", "{C78B33B8-EA23-4937-B70F-192063F08868}"
EndProject
Project("{9A19103F-16F7-4668-BE54-9A1E7A4F7556}") = "MyMoney.Demo.Test", "MyMoney.Demo.Test\MyMoney.Demo.Test.csproj", "{1D551673-DFC4-4991-B942-68A3DB3F2408}"
EndProject
Global
	GlobalSection(SolutionConfigurationPlatforms) = preSolution
		Debug|Any CPU = Debug|Any CPU
		Release|Any CPU = Release|Any CPU
	EndGlobalSection
	GlobalSection(ProjectConfigurationPlatforms) = postSolution
		{C78B33B8-EA23-4937-B70F-192063F08868}.Debug|Any CPU.ActiveCfg = Debug|Any CPU
		{C78B33B8-EA23-4937-B70F-192063F08868}.Debug|Any CPU.Build.0 = Debug|Any CPU
		{C78B33B8-EA23-4937-B70F-192063F08868}.Release|Any CPU.ActiveCfg = Release|Any CPU
		{C78B33B8-EA23-4937-B70F-192063F08868}.Release|Any CPU.Build.0 = Release|Any CPU
		{1D551673-DFC4-4991-B942-68A3DB3F2408}.Debug|Any CPU.ActiveCfg = Debug|Any CPU
		{1D551673-DFC4-4991-B942-68A3DB3F2408}.Debug|Any CPU.Build.0 = Debug|Any CPU
		{1D551673-DFC4-4991-B942-68A3DB3F2408}.Release|Any CPU.ActiveCfg = Release|Any CPU
		{1D551673-DFC4-4991-B942-68A3DB3F2408}.Release|Any CPU.Build.0 = Release|Any CPU
	EndGlobalSection
	GlobalSection(SolutionProperties) = preSolution
		HideSolutionNode = FALSE
	EndGlobalSection
	GlobalSection(ExtensibilityGlobals) = postSolution
		SolutionGuid = {CC3BFF9A-5260-4696-8549-5D86988BCFA3}
	EndGlobalSection
EndGlobal
